// !$*UTF8*$!
{
	archiveVersion = 1;
	classes = {
	};
	objectVersion = 55;
	objects = {

/* Begin PBXBuildFile section */
		2AF6924C2A2F4071004537D6 /* AppDelegate.swift in Sources */ = {isa = PBXBuildFile; fileRef = 2AF6924B2A2F4071004537D6 /* AppDelegate.swift */; };
		2AF6924E2A2F4071004537D6 /* SceneDelegate.swift in Sources */ = {isa = PBXBuildFile; fileRef = 2AF6924D2A2F4071004537D6 /* SceneDelegate.swift */; };
		2AF692502A2F4071004537D6 /* ViewController.swift in Sources */ = {isa = PBXBuildFile; fileRef = 2AF6924F2A2F4071004537D6 /* ViewController.swift */; };
		2AF692532A2F4071004537D6 /* Main.storyboard in Resources */ = {isa = PBXBuildFile; fileRef = 2AF692512A2F4071004537D6 /* Main.storyboard */; };
		2AF692552A2F4072004537D6 /* Assets.xcassets in Resources */ = {isa = PBXBuildFile; fileRef = 2AF692542A2F4072004537D6 /* Assets.xcassets */; };
		2AF692582A2F4072004537D6 /* LaunchScreen.storyboard in Resources */ = {isa = PBXBuildFile; fileRef = 2AF692562A2F4072004537D6 /* LaunchScreen.storyboard */; };
		2AF692602A2F40BC004537D6 /* GoogleService-Info.plist in Resources */ = {isa = PBXBuildFile; fileRef = 2AF6925F2A2F40BC004537D6 /* GoogleService-Info.plist */; };
		2AF692632A2F5AF6004537D6 /* ProfileViewController.swift in Sources */ = {isa = PBXBuildFile; fileRef = 2AF692622A2F5AF6004537D6 /* ProfileViewController.swift */; };
		2AF692662A2F5B32004537D6 /* SnapKit in Frameworks */ = {isa = PBXBuildFile; productRef = 2AF692652A2F5B32004537D6 /* SnapKit */; };
		2AF692692A2F5BDA004537D6 /* AvatarView.swift in Sources */ = {isa = PBXBuildFile; fileRef = 2AF692682A2F5BDA004537D6 /* AvatarView.swift */; };
		2AF6926D2A3B0719004537D6 /* FormInput.swift in Sources */ = {isa = PBXBuildFile; fileRef = 2AF6926C2A3B0719004537D6 /* FormInput.swift */; };
		2AF6926F2A3B1D9F004537D6 /* SubmitButton.swift in Sources */ = {isa = PBXBuildFile; fileRef = 2AF6926E2A3B1D9F004537D6 /* SubmitButton.swift */; };
		2AF692712A3DBCCC004537D6 /* Api.swift in Sources */ = {isa = PBXBuildFile; fileRef = 2AF692702A3DBCCC004537D6 /* Api.swift */; };
		2AF692732A3DBCF9004537D6 /* UserApi.swift in Sources */ = {isa = PBXBuildFile; fileRef = 2AF692722A3DBCF9004537D6 /* UserApi.swift */; };
		2AF692752A3DC0B0004537D6 /* StorageService.swift in Sources */ = {isa = PBXBuildFile; fileRef = 2AF692742A3DC0B0004537D6 /* StorageService.swift */; };
		2AF692772A3DC448004537D6 /* Ref.swift in Sources */ = {isa = PBXBuildFile; fileRef = 2AF692762A3DC448004537D6 /* Ref.swift */; };
		2AF6927A2A402F15004537D6 /* SignInViewController.swift in Sources */ = {isa = PBXBuildFile; fileRef = 2AF692792A402F15004537D6 /* SignInViewController.swift */; };
		2AF6927D2A4037B9004537D6 /* SingUpViewController.swift in Sources */ = {isa = PBXBuildFile; fileRef = 2AF6927C2A4037B9004537D6 /* SingUpViewController.swift */; };
		2AF692802A403D1B004537D6 /* TabBarViewController.swift in Sources */ = {isa = PBXBuildFile; fileRef = 2AF6927F2A403D1B004537D6 /* TabBarViewController.swift */; };
		2AF692822A40423C004537D6 /* TabBarItem.swift in Sources */ = {isa = PBXBuildFile; fileRef = 2AF692812A40423C004537D6 /* TabBarItem.swift */; };
		2AF692852A405B51004537D6 /* VideoUploadViewController.swift in Sources */ = {isa = PBXBuildFile; fileRef = 2AF692842A405B51004537D6 /* VideoUploadViewController.swift */; };
		2AF692882A4065FD004537D6 /* RecordButtonView.swift in Sources */ = {isa = PBXBuildFile; fileRef = 2AF692872A4065FD004537D6 /* RecordButtonView.swift */; };
		795B492AB71003E38FF34AE4 /* Pods_YoutubeShortsClone.framework in Frameworks */ = {isa = PBXBuildFile; fileRef = 3533503C389CC47FC28549FA /* Pods_YoutubeShortsClone.framework */; };
/* End PBXBuildFile section */

/* Begin PBXFileReference section */
		0EC595164C15ACB4895BD1D1 /* Pods-YoutubeShortsClone.release.xcconfig */ = {isa = PBXFileReference; includeInIndex = 1; lastKnownFileType = text.xcconfig; name = "Pods-YoutubeShortsClone.release.xcconfig"; path = "Target Support Files/Pods-YoutubeShortsClone/Pods-YoutubeShortsClone.release.xcconfig"; sourceTree = "<group>"; };
		2AF692482A2F4071004537D6 /* YoutubeShortsClone.app */ = {isa = PBXFileReference; explicitFileType = wrapper.application; includeInIndex = 0; path = YoutubeShortsClone.app; sourceTree = BUILT_PRODUCTS_DIR; };
		2AF6924B2A2F4071004537D6 /* AppDelegate.swift */ = {isa = PBXFileReference; lastKnownFileType = sourcecode.swift; path = AppDelegate.swift; sourceTree = "<group>"; };
		2AF6924D2A2F4071004537D6 /* SceneDelegate.swift */ = {isa = PBXFileReference; lastKnownFileType = sourcecode.swift; path = SceneDelegate.swift; sourceTree = "<group>"; };
		2AF6924F2A2F4071004537D6 /* ViewController.swift */ = {isa = PBXFileReference; lastKnownFileType = sourcecode.swift; path = ViewController.swift; sourceTree = "<group>"; };
		2AF692522A2F4071004537D6 /* Base */ = {isa = PBXFileReference; lastKnownFileType = file.storyboard; name = Base; path = Base.lproj/Main.storyboard; sourceTree = "<group>"; };
		2AF692542A2F4072004537D6 /* Assets.xcassets */ = {isa = PBXFileReference; lastKnownFileType = folder.assetcatalog; path = Assets.xcassets; sourceTree = "<group>"; };
		2AF692572A2F4072004537D6 /* Base */ = {isa = PBXFileReference; lastKnownFileType = file.storyboard; name = Base; path = Base.lproj/LaunchScreen.storyboard; sourceTree = "<group>"; };
		2AF692592A2F4072004537D6 /* Info.plist */ = {isa = PBXFileReference; lastKnownFileType = text.plist.xml; path = Info.plist; sourceTree = "<group>"; };
		2AF6925F2A2F40BC004537D6 /* GoogleService-Info.plist */ = {isa = PBXFileReference; fileEncoding = 4; lastKnownFileType = text.plist.xml; name = "GoogleService-Info.plist"; path = "../../../../GoogleService-Info.plist"; sourceTree = "<group>"; };
		2AF692622A2F5AF6004537D6 /* ProfileViewController.swift */ = {isa = PBXFileReference; lastKnownFileType = sourcecode.swift; path = ProfileViewController.swift; sourceTree = "<group>"; };
		2AF692682A2F5BDA004537D6 /* AvatarView.swift */ = {isa = PBXFileReference; lastKnownFileType = sourcecode.swift; path = AvatarView.swift; sourceTree = "<group>"; };
		2AF6926C2A3B0719004537D6 /* FormInput.swift */ = {isa = PBXFileReference; lastKnownFileType = sourcecode.swift; path = FormInput.swift; sourceTree = "<group>"; };
		2AF6926E2A3B1D9F004537D6 /* SubmitButton.swift */ = {isa = PBXFileReference; lastKnownFileType = sourcecode.swift; path = SubmitButton.swift; sourceTree = "<group>"; };
		2AF692702A3DBCCC004537D6 /* Api.swift */ = {isa = PBXFileReference; lastKnownFileType = sourcecode.swift; path = Api.swift; sourceTree = "<group>"; };
		2AF692722A3DBCF9004537D6 /* UserApi.swift */ = {isa = PBXFileReference; lastKnownFileType = sourcecode.swift; path = UserApi.swift; sourceTree = "<group>"; };
		2AF692742A3DC0B0004537D6 /* StorageService.swift */ = {isa = PBXFileReference; lastKnownFileType = sourcecode.swift; path = StorageService.swift; sourceTree = "<group>"; };
		2AF692762A3DC448004537D6 /* Ref.swift */ = {isa = PBXFileReference; lastKnownFileType = sourcecode.swift; path = Ref.swift; sourceTree = "<group>"; };
		2AF692792A402F15004537D6 /* SignInViewController.swift */ = {isa = PBXFileReference; lastKnownFileType = sourcecode.swift; path = SignInViewController.swift; sourceTree = "<group>"; };
		2AF6927C2A4037B9004537D6 /* SingUpViewController.swift */ = {isa = PBXFileReference; lastKnownFileType = sourcecode.swift; path = SingUpViewController.swift; sourceTree = "<group>"; };
		2AF6927F2A403D1B004537D6 /* TabBarViewController.swift */ = {isa = PBXFileReference; lastKnownFileType = sourcecode.swift; path = TabBarViewController.swift; sourceTree = "<group>"; };
		2AF692812A40423C004537D6 /* TabBarItem.swift */ = {isa = PBXFileReference; lastKnownFileType = sourcecode.swift; path = TabBarItem.swift; sourceTree = "<group>"; };
		2AF692842A405B51004537D6 /* VideoUploadViewController.swift */ = {isa = PBXFileReference; lastKnownFileType = sourcecode.swift; path = VideoUploadViewController.swift; sourceTree = "<group>"; };
		2AF692872A4065FD004537D6 /* RecordButtonView.swift */ = {isa = PBXFileReference; lastKnownFileType = sourcecode.swift; path = RecordButtonView.swift; sourceTree = "<group>"; };
		3533503C389CC47FC28549FA /* Pods_YoutubeShortsClone.framework */ = {isa = PBXFileReference; explicitFileType = wrapper.framework; includeInIndex = 0; path = Pods_YoutubeShortsClone.framework; sourceTree = BUILT_PRODUCTS_DIR; };
		DF7FF1BA006A53B3FFD470A2 /* Pods-YoutubeShortsClone.debug.xcconfig */ = {isa = PBXFileReference; includeInIndex = 1; lastKnownFileType = text.xcconfig; name = "Pods-YoutubeShortsClone.debug.xcconfig"; path = "Target Support Files/Pods-YoutubeShortsClone/Pods-YoutubeShortsClone.debug.xcconfig"; sourceTree = "<group>"; };
/* End PBXFileReference section */

/* Begin PBXFrameworksBuildPhase section */
		2AF692452A2F4071004537D6 /* Frameworks */ = {
			isa = PBXFrameworksBuildPhase;
			buildActionMask = 2147483647;
			files = (
				795B492AB71003E38FF34AE4 /* Pods_YoutubeShortsClone.framework in Frameworks */,
				2AF692662A2F5B32004537D6 /* SnapKit in Frameworks */,
			);
			runOnlyForDeploymentPostprocessing = 0;
		};
/* End PBXFrameworksBuildPhase section */

/* Begin PBXGroup section */
		105A66C5B9293BDA9C264D2E /* Frameworks */ = {
			isa = PBXGroup;
			children = (
				3533503C389CC47FC28549FA /* Pods_YoutubeShortsClone.framework */,
			);
			name = Frameworks;
			sourceTree = "<group>";
		};
		2AF6923F2A2F4071004537D6 = {
			isa = PBXGroup;
			children = (
				2AF6924A2A2F4071004537D6 /* YoutubeShortsClone */,
				2AF692492A2F4071004537D6 /* Products */,
				945B03564FF66D1E3518A71A /* Pods */,
				105A66C5B9293BDA9C264D2E /* Frameworks */,
			);
			sourceTree = "<group>";
		};
		2AF692492A2F4071004537D6 /* Products */ = {
			isa = PBXGroup;
			children = (
				2AF692482A2F4071004537D6 /* YoutubeShortsClone.app */,
			);
			name = Products;
			sourceTree = "<group>";
		};
		2AF6924A2A2F4071004537D6 /* YoutubeShortsClone */ = {
			isa = PBXGroup;
			children = (
				2AF692832A405B3A004537D6 /* VideoUpload */,
				2AF6927E2A403D0C004537D6 /* TabBar */,
				2AF6927B2A403541004537D6 /* SignUp */,
				2AF692782A402EDE004537D6 /* SignIn */,
				2AF6926A2A3B06EC004537D6 /* Profile */,
				2AF692672A2F5BCE004537D6 /* View */,
				2AF6924B2A2F4071004537D6 /* AppDelegate.swift */,
				2AF6924D2A2F4071004537D6 /* SceneDelegate.swift */,
				2AF6924F2A2F4071004537D6 /* ViewController.swift */,
				2AF692512A2F4071004537D6 /* Main.storyboard */,
				2AF692542A2F4072004537D6 /* Assets.xcassets */,
				2AF692562A2F4072004537D6 /* LaunchScreen.storyboard */,
				2AF692592A2F4072004537D6 /* Info.plist */,
				2AF6925F2A2F40BC004537D6 /* GoogleService-Info.plist */,
				2AF692702A3DBCCC004537D6 /* Api.swift */,
				2AF692722A3DBCF9004537D6 /* UserApi.swift */,
				2AF692742A3DC0B0004537D6 /* StorageService.swift */,
				2AF692762A3DC448004537D6 /* Ref.swift */,
			);
			path = YoutubeShortsClone;
			sourceTree = "<group>";
		};
		2AF692672A2F5BCE004537D6 /* View */ = {
			isa = PBXGroup;
			children = (
			);
			path = View;
			sourceTree = "<group>";
		};
		2AF6926A2A3B06EC004537D6 /* Profile */ = {
			isa = PBXGroup;
			children = (
				2AF692622A2F5AF6004537D6 /* ProfileViewController.swift */,
			);
			path = Profile;
			sourceTree = "<group>";
		};
		2AF6926B2A3B06F8004537D6 /* SubViews */ = {
			isa = PBXGroup;
			children = (
				2AF692682A2F5BDA004537D6 /* AvatarView.swift */,
				2AF6926C2A3B0719004537D6 /* FormInput.swift */,
				2AF6926E2A3B1D9F004537D6 /* SubmitButton.swift */,
			);
			path = SubViews;
			sourceTree = "<group>";
		};
		2AF692782A402EDE004537D6 /* SignIn */ = {
			isa = PBXGroup;
			children = (
				2AF692792A402F15004537D6 /* SignInViewController.swift */,
			);
			path = SignIn;
			sourceTree = "<group>";
		};
		2AF6927B2A403541004537D6 /* SignUp */ = {
			isa = PBXGroup;
			children = (
				2AF6926B2A3B06F8004537D6 /* SubViews */,
				2AF6927C2A4037B9004537D6 /* SingUpViewController.swift */,
			);
			path = SignUp;
			sourceTree = "<group>";
		};
		2AF6927E2A403D0C004537D6 /* TabBar */ = {
			isa = PBXGroup;
			children = (
				2AF6927F2A403D1B004537D6 /* TabBarViewController.swift */,
				2AF692812A40423C004537D6 /* TabBarItem.swift */,
			);
			path = TabBar;
			sourceTree = "<group>";
		};
		2AF692832A405B3A004537D6 /* VideoUpload */ = {
			isa = PBXGroup;
			children = (
				2AF692862A4065EE004537D6 /* SubViews */,
				2AF692842A405B51004537D6 /* VideoUploadViewController.swift */,
			);
			path = VideoUpload;
			sourceTree = "<group>";
		};
		2AF692862A4065EE004537D6 /* SubViews */ = {
			isa = PBXGroup;
			children = (
				2AF692872A4065FD004537D6 /* RecordButtonView.swift */,
			);
			path = SubViews;
			sourceTree = "<group>";
		};
		945B03564FF66D1E3518A71A /* Pods */ = {
			isa = PBXGroup;
			children = (
				DF7FF1BA006A53B3FFD470A2 /* Pods-YoutubeShortsClone.debug.xcconfig */,
				0EC595164C15ACB4895BD1D1 /* Pods-YoutubeShortsClone.release.xcconfig */,
			);
			path = Pods;
			sourceTree = "<group>";
		};
/* End PBXGroup section */

/* Begin PBXNativeTarget section */
		2AF692472A2F4071004537D6 /* YoutubeShortsClone */ = {
			isa = PBXNativeTarget;
			buildConfigurationList = 2AF6925C2A2F4072004537D6 /* Build configuration list for PBXNativeTarget "YoutubeShortsClone" */;
			buildPhases = (
				97F8CB9527161441E82887A4 /* [CP] Check Pods Manifest.lock */,
				2AF692442A2F4071004537D6 /* Sources */,
				2AF692452A2F4071004537D6 /* Frameworks */,
				2AF692462A2F4071004537D6 /* Resources */,
				4D03F7EED6F9356FFBC9F50F /* [CP] Embed Pods Frameworks */,
			);
			buildRules = (
			);
			dependencies = (
			);
			name = YoutubeShortsClone;
			packageProductDependencies = (
				2AF692652A2F5B32004537D6 /* SnapKit */,
			);
			productName = YoutubeShortsClone;
			productReference = 2AF692482A2F4071004537D6 /* YoutubeShortsClone.app */;
			productType = "com.apple.product-type.application";
		};
/* End PBXNativeTarget section */

/* Begin PBXProject section */
		2AF692402A2F4071004537D6 /* Project object */ = {
			isa = PBXProject;
			attributes = {
				BuildIndependentTargetsInParallel = 1;
				LastSwiftUpdateCheck = 1420;
				LastUpgradeCheck = 1420;
				TargetAttributes = {
					2AF692472A2F4071004537D6 = {
						CreatedOnToolsVersion = 14.2;
					};
				};
			};
			buildConfigurationList = 2AF692432A2F4071004537D6 /* Build configuration list for PBXProject "YoutubeShortsClone" */;
			compatibilityVersion = "Xcode 13.0";
			developmentRegion = en;
			hasScannedForEncodings = 0;
			knownRegions = (
				en,
				Base,
			);
			mainGroup = 2AF6923F2A2F4071004537D6;
			packageReferences = (
				2AF692642A2F5B32004537D6 /* XCRemoteSwiftPackageReference "SnapKit" */,
			);
			productRefGroup = 2AF692492A2F4071004537D6 /* Products */;
			projectDirPath = "";
			projectRoot = "";
			targets = (
				2AF692472A2F4071004537D6 /* YoutubeShortsClone */,
			);
		};
/* End PBXProject section */

/* Begin PBXResourcesBuildPhase section */
		2AF692462A2F4071004537D6 /* Resources */ = {
			isa = PBXResourcesBuildPhase;
			buildActionMask = 2147483647;
			files = (
				2AF692582A2F4072004537D6 /* LaunchScreen.storyboard in Resources */,
				2AF692602A2F40BC004537D6 /* GoogleService-Info.plist in Resources */,
				2AF692552A2F4072004537D6 /* Assets.xcassets in Resources */,
				2AF692532A2F4071004537D6 /* Main.storyboard in Resources */,
			);
			runOnlyForDeploymentPostprocessing = 0;
		};
/* End PBXResourcesBuildPhase section */

/* Begin PBXShellScriptBuildPhase section */
		4D03F7EED6F9356FFBC9F50F /* [CP] Embed Pods Frameworks */ = {
			isa = PBXShellScriptBuildPhase;
			buildActionMask = 2147483647;
			files = (
			);
			inputFileListPaths = (
				"${PODS_ROOT}/Target Support Files/Pods-YoutubeShortsClone/Pods-YoutubeShortsClone-frameworks-${CONFIGURATION}-input-files.xcfilelist",
			);
			name = "[CP] Embed Pods Frameworks";
			outputFileListPaths = (
				"${PODS_ROOT}/Target Support Files/Pods-YoutubeShortsClone/Pods-YoutubeShortsClone-frameworks-${CONFIGURATION}-output-files.xcfilelist",
			);
			runOnlyForDeploymentPostprocessing = 0;
			shellPath = /bin/sh;
			shellScript = "\"${PODS_ROOT}/Target Support Files/Pods-YoutubeShortsClone/Pods-YoutubeShortsClone-frameworks.sh\"\n";
			showEnvVarsInLog = 0;
		};
		97F8CB9527161441E82887A4 /* [CP] Check Pods Manifest.lock */ = {
			isa = PBXShellScriptBuildPhase;
			buildActionMask = 2147483647;
			files = (
			);
			inputFileListPaths = (
			);
			inputPaths = (
				"${PODS_PODFILE_DIR_PATH}/Podfile.lock",
				"${PODS_ROOT}/Manifest.lock",
			);
			name = "[CP] Check Pods Manifest.lock";
			outputFileListPaths = (
			);
			outputPaths = (
				"$(DERIVED_FILE_DIR)/Pods-YoutubeShortsClone-checkManifestLockResult.txt",
			);
			runOnlyForDeploymentPostprocessing = 0;
			shellPath = /bin/sh;
			shellScript = "diff \"${PODS_PODFILE_DIR_PATH}/Podfile.lock\" \"${PODS_ROOT}/Manifest.lock\" > /dev/null\nif [ $? != 0 ] ; then\n    # print error to STDERR\n    echo \"error: The sandbox is not in sync with the Podfile.lock. Run 'pod install' or update your CocoaPods installation.\" >&2\n    exit 1\nfi\n# This output is used by Xcode 'outputs' to avoid re-running this script phase.\necho \"SUCCESS\" > \"${SCRIPT_OUTPUT_FILE_0}\"\n";
			showEnvVarsInLog = 0;
		};
/* End PBXShellScriptBuildPhase section */

/* Begin PBXSourcesBuildPhase section */
		2AF692442A2F4071004537D6 /* Sources */ = {
			isa = PBXSourcesBuildPhase;
			buildActionMask = 2147483647;
			files = (
				2AF6926D2A3B0719004537D6 /* FormInput.swift in Sources */,
				2AF692882A4065FD004537D6 /* RecordButtonView.swift in Sources */,
				2AF6927D2A4037B9004537D6 /* SingUpViewController.swift in Sources */,
				2AF692502A2F4071004537D6 /* ViewController.swift in Sources */,
				2AF6924C2A2F4071004537D6 /* AppDelegate.swift in Sources */,
				2AF692802A403D1B004537D6 /* TabBarViewController.swift in Sources */,
				2AF692852A405B51004537D6 /* VideoUploadViewController.swift in Sources */,
				2AF692632A2F5AF6004537D6 /* ProfileViewController.swift in Sources */,
				2AF692772A3DC448004537D6 /* Ref.swift in Sources */,
				2AF6926F2A3B1D9F004537D6 /* SubmitButton.swift in Sources */,
				2AF692752A3DC0B0004537D6 /* StorageService.swift in Sources */,
				2AF692692A2F5BDA004537D6 /* AvatarView.swift in Sources */,
				2AF6927A2A402F15004537D6 /* SignInViewController.swift in Sources */,
				2AF692732A3DBCF9004537D6 /* UserApi.swift in Sources */,
				2AF692822A40423C004537D6 /* TabBarItem.swift in Sources */,
				2AF692712A3DBCCC004537D6 /* Api.swift in Sources */,
				2AF6924E2A2F4071004537D6 /* SceneDelegate.swift in Sources */,
			);
			runOnlyForDeploymentPostprocessing = 0;
		};
/* End PBXSourcesBuildPhase section */

/* Begin PBXVariantGroup section */
		2AF692512A2F4071004537D6 /* Main.storyboard */ = {
			isa = PBXVariantGroup;
			children = (
				2AF692522A2F4071004537D6 /* Base */,
			);
			name = Main.storyboard;
			sourceTree = "<group>";
		};
		2AF692562A2F4072004537D6 /* LaunchScreen.storyboard */ = {
			isa = PBXVariantGroup;
			children = (
				2AF692572A2F4072004537D6 /* Base */,
			);
			name = LaunchScreen.storyboard;
			sourceTree = "<group>";
		};
/* End PBXVariantGroup section */

/* Begin XCBuildConfiguration section */
		2AF6925A2A2F4072004537D6 /* Debug */ = {
			isa = XCBuildConfiguration;
			buildSettings = {
				ALWAYS_SEARCH_USER_PATHS = NO;
				CLANG_ANALYZER_NONNULL = YES;
				CLANG_ANALYZER_NUMBER_OBJECT_CONVERSION = YES_AGGRESSIVE;
				CLANG_CXX_LANGUAGE_STANDARD = "gnu++20";
				CLANG_ENABLE_MODULES = YES;
				CLANG_ENABLE_OBJC_ARC = YES;
				CLANG_ENABLE_OBJC_WEAK = YES;
				CLANG_WARN_BLOCK_CAPTURE_AUTORELEASING = YES;
				CLANG_WARN_BOOL_CONVERSION = YES;
				CLANG_WARN_COMMA = YES;
				CLANG_WARN_CONSTANT_CONVERSION = YES;
				CLANG_WARN_DEPRECATED_OBJC_IMPLEMENTATIONS = YES;
				CLANG_WARN_DIRECT_OBJC_ISA_USAGE = YES_ERROR;
				CLANG_WARN_DOCUMENTATION_COMMENTS = YES;
				CLANG_WARN_EMPTY_BODY = YES;
				CLANG_WARN_ENUM_CONVERSION = YES;
				CLANG_WARN_INFINITE_RECURSION = YES;
				CLANG_WARN_INT_CONVERSION = YES;
				CLANG_WARN_NON_LITERAL_NULL_CONVERSION = YES;
				CLANG_WARN_OBJC_IMPLICIT_RETAIN_SELF = YES;
				CLANG_WARN_OBJC_LITERAL_CONVERSION = YES;
				CLANG_WARN_OBJC_ROOT_CLASS = YES_ERROR;
				CLANG_WARN_QUOTED_INCLUDE_IN_FRAMEWORK_HEADER = YES;
				CLANG_WARN_RANGE_LOOP_ANALYSIS = YES;
				CLANG_WARN_STRICT_PROTOTYPES = YES;
				CLANG_WARN_SUSPICIOUS_MOVE = YES;
				CLANG_WARN_UNGUARDED_AVAILABILITY = YES_AGGRESSIVE;
				CLANG_WARN_UNREACHABLE_CODE = YES;
				CLANG_WARN__DUPLICATE_METHOD_MATCH = YES;
				COPY_PHASE_STRIP = NO;
				DEBUG_INFORMATION_FORMAT = dwarf;
				ENABLE_STRICT_OBJC_MSGSEND = YES;
				ENABLE_TESTABILITY = YES;
				GCC_C_LANGUAGE_STANDARD = gnu11;
				GCC_DYNAMIC_NO_PIC = NO;
				GCC_NO_COMMON_BLOCKS = YES;
				GCC_OPTIMIZATION_LEVEL = 0;
				GCC_PREPROCESSOR_DEFINITIONS = (
					"DEBUG=1",
					"$(inherited)",
				);
				GCC_WARN_64_TO_32_BIT_CONVERSION = YES;
				GCC_WARN_ABOUT_RETURN_TYPE = YES_ERROR;
				GCC_WARN_UNDECLARED_SELECTOR = YES;
				GCC_WARN_UNINITIALIZED_AUTOS = YES_AGGRESSIVE;
				GCC_WARN_UNUSED_FUNCTION = YES;
				GCC_WARN_UNUSED_VARIABLE = YES;
				IPHONEOS_DEPLOYMENT_TARGET = 16.2;
				MTL_ENABLE_DEBUG_INFO = INCLUDE_SOURCE;
				MTL_FAST_MATH = YES;
				ONLY_ACTIVE_ARCH = YES;
				SDKROOT = iphoneos;
				SWIFT_ACTIVE_COMPILATION_CONDITIONS = DEBUG;
				SWIFT_OPTIMIZATION_LEVEL = "-Onone";
			};
			name = Debug;
		};
		2AF6925B2A2F4072004537D6 /* Release */ = {
			isa = XCBuildConfiguration;
			buildSettings = {
				ALWAYS_SEARCH_USER_PATHS = NO;
				CLANG_ANALYZER_NONNULL = YES;
				CLANG_ANALYZER_NUMBER_OBJECT_CONVERSION = YES_AGGRESSIVE;
				CLANG_CXX_LANGUAGE_STANDARD = "gnu++20";
				CLANG_ENABLE_MODULES = YES;
				CLANG_ENABLE_OBJC_ARC = YES;
				CLANG_ENABLE_OBJC_WEAK = YES;
				CLANG_WARN_BLOCK_CAPTURE_AUTORELEASING = YES;
				CLANG_WARN_BOOL_CONVERSION = YES;
				CLANG_WARN_COMMA = YES;
				CLANG_WARN_CONSTANT_CONVERSION = YES;
				CLANG_WARN_DEPRECATED_OBJC_IMPLEMENTATIONS = YES;
				CLANG_WARN_DIRECT_OBJC_ISA_USAGE = YES_ERROR;
				CLANG_WARN_DOCUMENTATION_COMMENTS = YES;
				CLANG_WARN_EMPTY_BODY = YES;
				CLANG_WARN_ENUM_CONVERSION = YES;
				CLANG_WARN_INFINITE_RECURSION = YES;
				CLANG_WARN_INT_CONVERSION = YES;
				CLANG_WARN_NON_LITERAL_NULL_CONVERSION = YES;
				CLANG_WARN_OBJC_IMPLICIT_RETAIN_SELF = YES;
				CLANG_WARN_OBJC_LITERAL_CONVERSION = YES;
				CLANG_WARN_OBJC_ROOT_CLASS = YES_ERROR;
				CLANG_WARN_QUOTED_INCLUDE_IN_FRAMEWORK_HEADER = YES;
				CLANG_WARN_RANGE_LOOP_ANALYSIS = YES;
				CLANG_WARN_STRICT_PROTOTYPES = YES;
				CLANG_WARN_SUSPICIOUS_MOVE = YES;
				CLANG_WARN_UNGUARDED_AVAILABILITY = YES_AGGRESSIVE;
				CLANG_WARN_UNREACHABLE_CODE = YES;
				CLANG_WARN__DUPLICATE_METHOD_MATCH = YES;
				COPY_PHASE_STRIP = NO;
				DEBUG_INFORMATION_FORMAT = "dwarf-with-dsym";
				ENABLE_NS_ASSERTIONS = NO;
				ENABLE_STRICT_OBJC_MSGSEND = YES;
				GCC_C_LANGUAGE_STANDARD = gnu11;
				GCC_NO_COMMON_BLOCKS = YES;
				GCC_WARN_64_TO_32_BIT_CONVERSION = YES;
				GCC_WARN_ABOUT_RETURN_TYPE = YES_ERROR;
				GCC_WARN_UNDECLARED_SELECTOR = YES;
				GCC_WARN_UNINITIALIZED_AUTOS = YES_AGGRESSIVE;
				GCC_WARN_UNUSED_FUNCTION = YES;
				GCC_WARN_UNUSED_VARIABLE = YES;
				IPHONEOS_DEPLOYMENT_TARGET = 16.2;
				MTL_ENABLE_DEBUG_INFO = NO;
				MTL_FAST_MATH = YES;
				SDKROOT = iphoneos;
				SWIFT_COMPILATION_MODE = wholemodule;
				SWIFT_OPTIMIZATION_LEVEL = "-O";
				VALIDATE_PRODUCT = YES;
			};
			name = Release;
		};
		2AF6925D2A2F4072004537D6 /* Debug */ = {
			isa = XCBuildConfiguration;
			baseConfigurationReference = DF7FF1BA006A53B3FFD470A2 /* Pods-YoutubeShortsClone.debug.xcconfig */;
			buildSettings = {
				ASSETCATALOG_COMPILER_APPICON_NAME = AppIcon;
				ASSETCATALOG_COMPILER_GLOBAL_ACCENT_COLOR_NAME = AccentColor;
				CODE_SIGN_STYLE = Automatic;
				CURRENT_PROJECT_VERSION = 1;
				DEVELOPMENT_TEAM = 7UWKX6V9JV;
				GENERATE_INFOPLIST_FILE = YES;
				INFOPLIST_FILE = YoutubeShortsClone/Info.plist;
				INFOPLIST_KEY_UIApplicationSupportsIndirectInputEvents = YES;
				INFOPLIST_KEY_UILaunchStoryboardName = LaunchScreen;
				INFOPLIST_KEY_UIMainStoryboardFile = Main;
				INFOPLIST_KEY_UISupportedInterfaceOrientations_iPad = "UIInterfaceOrientationPortrait UIInterfaceOrientationPortraitUpsideDown UIInterfaceOrientationLandscapeLeft UIInterfaceOrientationLandscapeRight";
				INFOPLIST_KEY_UISupportedInterfaceOrientations_iPhone = "UIInterfaceOrientationPortrait UIInterfaceOrientationLandscapeLeft UIInterfaceOrientationLandscapeRight";
				LD_RUNPATH_SEARCH_PATHS = (
					"$(inherited)",
					"@executable_path/Frameworks",
				);
				MARKETING_VERSION = 1.0;
				PRODUCT_BUNDLE_IDENTIFIER = jusang.YoutubeShortsClone;
				PRODUCT_NAME = "$(TARGET_NAME)";
				SWIFT_EMIT_LOC_STRINGS = YES;
				SWIFT_VERSION = 5.0;
				TARGETED_DEVICE_FAMILY = "1,2";
			};
			name = Debug;
		};
		2AF6925E2A2F4072004537D6 /* Release */ = {
			isa = XCBuildConfiguration;
			baseConfigurationReference = 0EC595164C15ACB4895BD1D1 /* Pods-YoutubeShortsClone.release.xcconfig */;
			buildSettings = {
				ASSETCATALOG_COMPILER_APPICON_NAME = AppIcon;
				ASSETCATALOG_COMPILER_GLOBAL_ACCENT_COLOR_NAME = AccentColor;
				CODE_SIGN_STYLE = Automatic;
				CURRENT_PROJECT_VERSION = 1;
				DEVELOPMENT_TEAM = 7UWKX6V9JV;
				GENERATE_INFOPLIST_FILE = YES;
				INFOPLIST_FILE = YoutubeShortsClone/Info.plist;
				INFOPLIST_KEY_UIApplicationSupportsIndirectInputEvents = YES;
				INFOPLIST_KEY_UILaunchStoryboardName = LaunchScreen;
				INFOPLIST_KEY_UIMainStoryboardFile = Main;
				INFOPLIST_KEY_UISupportedInterfaceOrientations_iPad = "UIInterfaceOrientationPortrait UIInterfaceOrientationPortraitUpsideDown UIInterfaceOrientationLandscapeLeft UIInterfaceOrientationLandscapeRight";
				INFOPLIST_KEY_UISupportedInterfaceOrientations_iPhone = "UIInterfaceOrientationPortrait UIInterfaceOrientationLandscapeLeft UIInterfaceOrientationLandscapeRight";
				LD_RUNPATH_SEARCH_PATHS = (
					"$(inherited)",
					"@executable_path/Frameworks",
				);
				MARKETING_VERSION = 1.0;
				PRODUCT_BUNDLE_IDENTIFIER = jusang.YoutubeShortsClone;
				PRODUCT_NAME = "$(TARGET_NAME)";
				SWIFT_EMIT_LOC_STRINGS = YES;
				SWIFT_VERSION = 5.0;
				TARGETED_DEVICE_FAMILY = "1,2";
			};
			name = Release;
		};
/* End XCBuildConfiguration section */

/* Begin XCConfigurationList section */
		2AF692432A2F4071004537D6 /* Build configuration list for PBXProject "YoutubeShortsClone" */ = {
			isa = XCConfigurationList;
			buildConfigurations = (
				2AF6925A2A2F4072004537D6 /* Debug */,
				2AF6925B2A2F4072004537D6 /* Release */,
			);
			defaultConfigurationIsVisible = 0;
			defaultConfigurationName = Release;
		};
		2AF6925C2A2F4072004537D6 /* Build configuration list for PBXNativeTarget "YoutubeShortsClone" */ = {
			isa = XCConfigurationList;
			buildConfigurations = (
				2AF6925D2A2F4072004537D6 /* Debug */,
				2AF6925E2A2F4072004537D6 /* Release */,
			);
			defaultConfigurationIsVisible = 0;
			defaultConfigurationName = Release;
		};
/* End XCConfigurationList section */

/* Begin XCRemoteSwiftPackageReference section */
		2AF692642A2F5B32004537D6 /* XCRemoteSwiftPackageReference "SnapKit" */ = {
			isa = XCRemoteSwiftPackageReference;
			repositoryURL = "https://github.com/SnapKit/SnapKit.git";
			requirement = {
				branch = develop;
				kind = branch;
			};
		};
/* End XCRemoteSwiftPackageReference section */

/* Begin XCSwiftPackageProductDependency section */
		2AF692652A2F5B32004537D6 /* SnapKit */ = {
			isa = XCSwiftPackageProductDependency;
			package = 2AF692642A2F5B32004537D6 /* XCRemoteSwiftPackageReference "SnapKit" */;
			productName = SnapKit;
		};
/* End XCSwiftPackageProductDependency section */
	};
	rootObject = 2AF692402A2F4071004537D6 /* Project object */;
}
